
Microsoft Visual Studio Solution File, Format Version 12.00
# Visual Studio Version 16
VisualStudioVersion = 16.0.31702.278
MinimumVisualStudioVersion = 10.0.40219.1
Project("{FAE04EC0-301F-11D3-BF4B-00C04F79EFBC}") = "SpecFlowOmex", "SpecFlowOmex\SpecFlowOmex.csproj", "{9BA66876-C68A-47E0-9C04-C6260DCBAFA6}"
EndProject
Global
	GlobalSection(SolutionConfigurationPlatforms) = preSolution
		Debug|Any CPU = Debug|Any CPU
		Release|Any CPU = Release|Any CPU
	EndGlobalSection
	GlobalSection(ProjectConfigurationPlatforms) = postSolution
		{9BA66876-C68A-47E0-9C04-C6260DCBAFA6}.Debug|Any CPU.ActiveCfg = Debug|Any CPU
		{9BA66876-C68A-47E0-9C04-C6260DCBAFA6}.Debug|Any CPU.Build.0 = Debug|Any CPU
		{9BA66876-C68A-47E0-9C04-C6260DCBAFA6}.Release|Any CPU.ActiveCfg = Release|Any CPU
		{9BA66876-C68A-47E0-9C04-C6260DCBAFA6}.Release|Any CPU.Build.0 = Release|Any CPU
	EndGlobalSection
	GlobalSection(SolutionProperties) = preSolution
		HideSolutionNode = FALSE
	EndGlobalSection
	GlobalSection(ExtensibilityGlobals) = postSolution
		SolutionGuid = {0287812B-3734-497D-A37F-7CA82F84E42E}
	EndGlobalSection
EndGlobal
